
Microsoft Visual Studio Solution File, Format Version 12.00
# Visual Studio Version 17
VisualStudioVersion = 17.2.32630.192
MinimumVisualStudioVersion = 10.0.40219.1
Project("{FAE04EC0-301F-11D3-BF4B-00C04F79EFBC}") = "csharp_practice_gpa", "csharp_practice_gpa.csproj", "{31EA7810-3681-40F3-9B1B-8F4DE8B1CFC1}"
EndProject
Global
	GlobalSection(SolutionConfigurationPlatforms) = preSolution
		Debug|Any CPU = Debug|Any CPU
		Release|Any CPU = Release|Any CPU
	EndGlobalSection
	GlobalSection(ProjectConfigurationPlatforms) = postSolution
		{31EA7810-3681-40F3-9B1B-8F4DE8B1CFC1}.Debug|Any CPU.ActiveCfg = Debug|Any CPU
		{31EA7810-3681-40F3-9B1B-8F4DE8B1CFC1}.Debug|Any CPU.Build.0 = Debug|Any CPU
		{31EA7810-3681-40F3-9B1B-8F4DE8B1CFC1}.Release|Any CPU.ActiveCfg = Release|Any CPU
		{31EA7810-3681-40F3-9B1B-8F4DE8B1CFC1}.Release|Any CPU.Build.0 = Release|Any CPU
	EndGlobalSection
	GlobalSection(SolutionProperties) = preSolution
		HideSolutionNode = FALSE
	EndGlobalSection
	GlobalSection(ExtensibilityGlobals) = postSolution
		SolutionGuid = {C2530D15-3DFC-41D6-A60C-46F6C2F11D37}
	EndGlobalSection
EndGlobal
